
Microsoft Visual Studio Solution File, Format Version 12.00
# Visual Studio Version 16
VisualStudioVersion = 16.0.31515.178
MinimumVisualStudioVersion = 10.0.40219.1
Project("{9A19103F-16F7-4668-BE54-9A1E7A4F7556}") = "FM.DTOs", "FM.DTOs\FM.DTOs.csproj", "{A00796C6-2351-4D65-9715-58572607ECC1}"
EndProject
Project("{9A19103F-16F7-4668-BE54-9A1E7A4F7556}") = "FM.DataLayer", "FM.DataLayer\FM.DataLayer.csproj", "{5C050A4F-F44E-4906-96AB-B3C2E114CA19}"
EndProject
Project("{9A19103F-16F7-4668-BE54-9A1E7A4F7556}") = "FM.Business", "FM.Business\FM.Business.csproj", "{2BDA0C49-A94C-4447-85E2-09DD3809CC74}"
EndProject
Project("{9A19103F-16F7-4668-BE54-9A1E7A4F7556}") = "FM.API", "FM.API\FM.API.csproj", "{50432EC6-0CBF-4144-B3C9-B1085BCB26E5}"
EndProject
Project("{9A19103F-16F7-4668-BE54-9A1E7A4F7556}") = "FM.Web", "FM.Web\FM.Web.csproj", "{DE17D2DC-9BDE-416F-96E6-F88C49B0D772}"
EndProject
Global
	GlobalSection(SolutionConfigurationPlatforms) = preSolution
		Debug|Any CPU = Debug|Any CPU
		Release|Any CPU = Release|Any CPU
	EndGlobalSection
	GlobalSection(ProjectConfigurationPlatforms) = postSolution
		{A00796C6-2351-4D65-9715-58572607ECC1}.Debug|Any CPU.ActiveCfg = Debug|Any CPU
		{A00796C6-2351-4D65-9715-58572607ECC1}.Debug|Any CPU.Build.0 = Debug|Any CPU
		{A00796C6-2351-4D65-9715-58572607ECC1}.Release|Any CPU.ActiveCfg = Release|Any CPU
		{A00796C6-2351-4D65-9715-58572607ECC1}.Release|Any CPU.Build.0 = Release|Any CPU
		{5C050A4F-F44E-4906-96AB-B3C2E114CA19}.Debug|Any CPU.ActiveCfg = Debug|Any CPU
		{5C050A4F-F44E-4906-96AB-B3C2E114CA19}.Debug|Any CPU.Build.0 = Debug|Any CPU
		{5C050A4F-F44E-4906-96AB-B3C2E114CA19}.Release|Any CPU.ActiveCfg = Release|Any CPU
		{5C050A4F-F44E-4906-96AB-B3C2E114CA19}.Release|Any CPU.Build.0 = Release|Any CPU
		{2BDA0C49-A94C-4447-85E2-09DD3809CC74}.Debug|Any CPU.ActiveCfg = Debug|Any CPU
		{2BDA0C49-A94C-4447-85E2-09DD3809CC74}.Debug|Any CPU.Build.0 = Debug|Any CPU
		{2BDA0C49-A94C-4447-85E2-09DD3809CC74}.Release|Any CPU.ActiveCfg = Release|Any CPU
		{2BDA0C49-A94C-4447-85E2-09DD3809CC74}.Release|Any CPU.Build.0 = Release|Any CPU
		{50432EC6-0CBF-4144-B3C9-B1085BCB26E5}.Debug|Any CPU.ActiveCfg = Debug|Any CPU
		{50432EC6-0CBF-4144-B3C9-B1085BCB26E5}.Debug|Any CPU.Build.0 = Debug|Any CPU
		{50432EC6-0CBF-4144-B3C9-B1085BCB26E5}.Release|Any CPU.ActiveCfg = Release|Any CPU
		{50432EC6-0CBF-4144-B3C9-B1085BCB26E5}.Release|Any CPU.Build.0 = Release|Any CPU
		{DE17D2DC-9BDE-416F-96E6-F88C49B0D772}.Debug|Any CPU.ActiveCfg = Debug|Any CPU
		{DE17D2DC-9BDE-416F-96E6-F88C49B0D772}.Debug|Any CPU.Build.0 = Debug|Any CPU
		{DE17D2DC-9BDE-416F-96E6-F88C49B0D772}.Release|Any CPU.ActiveCfg = Release|Any CPU
		{DE17D2DC-9BDE-416F-96E6-F88C49B0D772}.Release|Any CPU.Build.0 = Release|Any CPU
	EndGlobalSection
	GlobalSection(SolutionProperties) = preSolution
		HideSolutionNode = FALSE
	EndGlobalSection
	GlobalSection(ExtensibilityGlobals) = postSolution
		SolutionGuid = {1C1F8191-255A-4039-94A3-0D0C7F1403DB}
	EndGlobalSection
EndGlobal
